
Microsoft Visual Studio Solution File, Format Version 12.00
# Visual Studio Version 17
VisualStudioVersion = 17.9.34723.18
MinimumVisualStudioVersion = 10.0.40219.1
Project("{FAE04EC0-301F-11D3-BF4B-00C04F79EFBC}") = "01-Introduccion", "01-Introduccion\01-Introduccion.csproj", "{AE62D90B-EE9D-4E82-9D86-C23D48E2885F}"
EndProject
Project("{FAE04EC0-301F-11D3-BF4B-00C04F79EFBC}") = "02-TopLevelStatements", "02-TopLevelStatements\02-TopLevelStatements.csproj", "{7AFB25E0-31BE-4B6B-B725-C8EA8FE6963B}"
EndProject
Global
	GlobalSection(SolutionConfigurationPlatforms) = preSolution
		Debug|Any CPU = Debug|Any CPU
		Release|Any CPU = Release|Any CPU
	EndGlobalSection
	GlobalSection(ProjectConfigurationPlatforms) = postSolution
		{AE62D90B-EE9D-4E82-9D86-C23D48E2885F}.Debug|Any CPU.ActiveCfg = Debug|Any CPU
		{AE62D90B-EE9D-4E82-9D86-C23D48E2885F}.Debug|Any CPU.Build.0 = Debug|Any CPU
		{AE62D90B-EE9D-4E82-9D86-C23D48E2885F}.Release|Any CPU.ActiveCfg = Release|Any CPU
		{AE62D90B-EE9D-4E82-9D86-C23D48E2885F}.Release|Any CPU.Build.0 = Release|Any CPU
		{7AFB25E0-31BE-4B6B-B725-C8EA8FE6963B}.Debug|Any CPU.ActiveCfg = Debug|Any CPU
		{7AFB25E0-31BE-4B6B-B725-C8EA8FE6963B}.Debug|Any CPU.Build.0 = Debug|Any CPU
		{7AFB25E0-31BE-4B6B-B725-C8EA8FE6963B}.Release|Any CPU.ActiveCfg = Release|Any CPU
		{7AFB25E0-31BE-4B6B-B725-C8EA8FE6963B}.Release|Any CPU.Build.0 = Release|Any CPU
	EndGlobalSection
	GlobalSection(SolutionProperties) = preSolution
		HideSolutionNode = FALSE
	EndGlobalSection
	GlobalSection(ExtensibilityGlobals) = postSolution
		SolutionGuid = {30982F90-3D5C-4104-8058-1CC29B628407}
	EndGlobalSection
EndGlobal
